{
  "name": "react-native-drag-flatlist",
  "version": "0.0.1",
  "lockfileVersion": 1,
  "requires": true,
  "dependencies": {
    "@types/prop-types": {
      "version": "15.7.3",
      "resolved": "https://registry.npm.taobao.org/@types/prop-types/download/@types/prop-types-15.7.3.tgz",
      "integrity": "sha1-KrDV2i5YFflLC51LldHl8kOrLKc=",
      "dev": true
    },
    "@types/react": {
      "version": "16.9.15",
      "resolved": "https://registry.npm.taobao.org/@types/react/download/@types/react-16.9.15.tgz?cache=0&sync_timestamp=1575503687389&other_urls=https%3A%2F%2Fregistry.npm.taobao.org%2F%40types%2Freact%2Fdownload%2F%40types%2Freact-16.9.15.tgz",
      "integrity": "sha1-rqu3pQ+WyeMaFgea2iDt6e1gKXc=",
      "dev": true,
      "requires": {
        "@types/prop-types": "*",
        "csstype": "^2.2.0"
      }
    },
    "@types/react-native": {
      "version": "0.60.23",
      "resolved": "https://registry.npm.taobao.org/@types/react-native/download/@types/react-native-0.60.23.tgz?cache=0&other_urls=https%3A%2F%2Fregistry.npm.taobao.org%2F%40types%2Freact-native%2Fdownload%2F%40types%2Freact-native-0.60.23.tgz",
      "integrity": "sha1-knD5G7/4IqFXH+7OVs0mDwobKDE=",
      "dev": true,
      "requires": {
        "@types/prop-types": "*",
        "@types/react": "*"
      }
    },
    "csstype": {
      "version": "2.6.7",
      "resolved": "https://registry.npm.taobao.org/csstype/download/csstype-2.6.7.tgz",
      "integrity": "sha1-ILACTCC2cY9O2jhTofWhzOf15KU=",
      "dev": true
    },
    "react-native-drag-flatlist": {
      "version": "file:",
      "requires": {
        "react-native-drag-flatlist": "file:"
      }
    },
    "typescript": {
      "version": "3.7.3",
      "resolved": "https://registry.npm.taobao.org/typescript/download/typescript-3.7.3.tgz",
      "integrity": "sha1-s2hAZooWRYpwJbnqv60Rtmq4XGk=",
      "dev": true
    }
  }
}
